{
  "name": "AwesomeProject",
  "version": "0.0.1",
  "lockfileVersion": 1,
  "requires": true,
  "dependencies": {
    "react-native-orientation": {
      "version": "3.1.3",
      "resolved": "https://registry.npmjs.org/react-native-orientation/-/react-native-orientation-3.1.3.tgz",
      "integrity": "sha512-A0h0E+2f95X4avmhaBG1ZT8WDxBACA/q//JN2eF1E7kq8AJVxt5XDiavv+aSBkBlqFsfF3bIS+T/DB5mXmnxuA=="
    }
  }
}
